
Microsoft Visual Studio Solution File, Format Version 12.00
# Visual Studio 15
VisualStudioVersion = 15.0.26730.12
MinimumVisualStudioVersion = 10.0.40219.1
Project("{FAE04EC0-301F-11D3-BF4B-00C04F79EFBC}") = "Recepcion BonitaSoft", "Recepcion BonitaSoft\Recepcion BonitaSoft.csproj", "{6285216C-63C6-4D67-9039-8CBA56D73F2E}"
EndProject
Project("{54435603-DBB4-11D2-8724-00A0C9A8B90C}") = "Setup", "Setup\Setup.vdproj", "{26F4AB36-CB30-4DA3-B598-5550CC2AAB36}"
EndProject
Project("{FAE04EC0-301F-11D3-BF4B-00C04F79EFBC}") = "Adapters", "Adapters\Adapters.csproj", "{573B9F93-1A1F-4E48-ADB2-1B42A94EB0F6}"
EndProject
Project("{FAE04EC0-301F-11D3-BF4B-00C04F79EFBC}") = "Utilities", "Utilities\Utilities.csproj", "{8CFDFFC3-3CE5-4A5D-B4FB-8B5DB32B8276}"
EndProject
Global
	GlobalSection(SolutionConfigurationPlatforms) = preSolution
		Debug|Any CPU = Debug|Any CPU
		Release|Any CPU = Release|Any CPU
	EndGlobalSection
	GlobalSection(ProjectConfigurationPlatforms) = postSolution
		{6285216C-63C6-4D67-9039-8CBA56D73F2E}.Debug|Any CPU.ActiveCfg = Debug|Any CPU
		{6285216C-63C6-4D67-9039-8CBA56D73F2E}.Debug|Any CPU.Build.0 = Debug|Any CPU
		{6285216C-63C6-4D67-9039-8CBA56D73F2E}.Release|Any CPU.ActiveCfg = Release|Any CPU
		{6285216C-63C6-4D67-9039-8CBA56D73F2E}.Release|Any CPU.Build.0 = Release|Any CPU
		{26F4AB36-CB30-4DA3-B598-5550CC2AAB36}.Debug|Any CPU.ActiveCfg = Debug
		{26F4AB36-CB30-4DA3-B598-5550CC2AAB36}.Release|Any CPU.ActiveCfg = Release
		{573B9F93-1A1F-4E48-ADB2-1B42A94EB0F6}.Debug|Any CPU.ActiveCfg = Debug|Any CPU
		{573B9F93-1A1F-4E48-ADB2-1B42A94EB0F6}.Debug|Any CPU.Build.0 = Debug|Any CPU
		{573B9F93-1A1F-4E48-ADB2-1B42A94EB0F6}.Release|Any CPU.ActiveCfg = Release|Any CPU
		{573B9F93-1A1F-4E48-ADB2-1B42A94EB0F6}.Release|Any CPU.Build.0 = Release|Any CPU
		{8CFDFFC3-3CE5-4A5D-B4FB-8B5DB32B8276}.Debug|Any CPU.ActiveCfg = Debug|Any CPU
		{8CFDFFC3-3CE5-4A5D-B4FB-8B5DB32B8276}.Debug|Any CPU.Build.0 = Debug|Any CPU
		{8CFDFFC3-3CE5-4A5D-B4FB-8B5DB32B8276}.Release|Any CPU.ActiveCfg = Release|Any CPU
		{8CFDFFC3-3CE5-4A5D-B4FB-8B5DB32B8276}.Release|Any CPU.Build.0 = Release|Any CPU
	EndGlobalSection
	GlobalSection(SolutionProperties) = preSolution
		HideSolutionNode = FALSE
	EndGlobalSection
	GlobalSection(ExtensibilityGlobals) = postSolution
		SolutionGuid = {30B06CF3-F880-4C4B-9A4A-9EE7B33E6D2C}
	EndGlobalSection
EndGlobal
